{
  "nodes": {
    "nixpkgs": {
      "locked": {
        "lastModified": 1782620259,
        "narHash": "sha256-IWslU3gyQfcDYp3MJRAwksfxZ5p6NW1UgRmYpX1YM0g=",
        "owner": "NixOS",
        "repo": "nixpkgs",
        "rev": "bcb52fa87abbc7ec046c4817d85950c35dae92b7",
        "type": "github"
      },
      "original": {
        "owner": "NixOS",
        "repo": "nixpkgs",
        "type": "github"
      }
    },
    "root": {
      "inputs": {
        "nixpkgs": "nixpkgs"
      }
    }
  },
  "root": "root",
  "version": 7
}
